
Microsoft Visual Studio Solution File, Format Version 12.00
# Visual Studio Version 17
VisualStudioVersion = 17.0.31903.59
MinimumVisualStudioVersion = 10.0.40219.1
Project("{FAE04EC0-301F-11D3-BF4B-00C04F79EFBC}") = "PdfSignage", "PdfSignage\PdfSignage.csproj", "{90A5C9D5-DD91-4B49-B561-496D5CA18B73}"
EndProject
Project("{FAE04EC0-301F-11D3-BF4B-00C04F79EFBC}") = "PdfSignage.Tests", "PdfSignage.Tests\PdfSignage.Tests.csproj", "{628863C3-D3DF-4765-AE19-0FE99FAE3DD9}"
EndProject
Project("{FAE04EC0-301F-11D3-BF4B-00C04F79EFBC}") = "PdfSignage.Licensing", "PdfSignage.Licensing\PdfSignage.Licensing.csproj", "{3311D34D-7E2D-40E2-8D1E-7FDC53504D54}"
EndProject
Project("{FAE04EC0-301F-11D3-BF4B-00C04F79EFBC}") = "PdfSignage.Issuer", "PdfSignage.Issuer\PdfSignage.Issuer.csproj", "{1DB52FAA-3DE5-47E1-B18A-0520B8BB1CCA}"
EndProject
Global
	GlobalSection(SolutionConfigurationPlatforms) = preSolution
		Debug|Any CPU = Debug|Any CPU
		Debug|x64 = Debug|x64
		Debug|x86 = Debug|x86
		Release|Any CPU = Release|Any CPU
		Release|x64 = Release|x64
		Release|x86 = Release|x86
	EndGlobalSection
	GlobalSection(ProjectConfigurationPlatforms) = postSolution
		{90A5C9D5-DD91-4B49-B561-496D5CA18B73}.Debug|Any CPU.ActiveCfg = Debug|Any CPU
		{90A5C9D5-DD91-4B49-B561-496D5CA18B73}.Debug|Any CPU.Build.0 = Debug|Any CPU
		{90A5C9D5-DD91-4B49-B561-496D5CA18B73}.Debug|x64.ActiveCfg = Debug|Any CPU
		{90A5C9D5-DD91-4B49-B561-496D5CA18B73}.Debug|x64.Build.0 = Debug|Any CPU
		{90A5C9D5-DD91-4B49-B561-496D5CA18B73}.Debug|x86.ActiveCfg = Debug|Any CPU
		{90A5C9D5-DD91-4B49-B561-496D5CA18B73}.Debug|x86.Build.0 = Debug|Any CPU
		{90A5C9D5-DD91-4B49-B561-496D5CA18B73}.Release|Any CPU.ActiveCfg = Release|Any CPU
		{90A5C9D5-DD91-4B49-B561-496D5CA18B73}.Release|Any CPU.Build.0 = Release|Any CPU
		{90A5C9D5-DD91-4B49-B561-496D5CA18B73}.Release|x64.ActiveCfg = Release|Any CPU
		{90A5C9D5-DD91-4B49-B561-496D5CA18B73}.Release|x64.Build.0 = Release|Any CPU
		{90A5C9D5-DD91-4B49-B561-496D5CA18B73}.Release|x86.ActiveCfg = Release|Any CPU
		{90A5C9D5-DD91-4B49-B561-496D5CA18B73}.Release|x86.Build.0 = Release|Any CPU
		{628863C3-D3DF-4765-AE19-0FE99FAE3DD9}.Debug|Any CPU.ActiveCfg = Debug|Any CPU
		{628863C3-D3DF-4765-AE19-0FE99FAE3DD9}.Debug|Any CPU.Build.0 = Debug|Any CPU
		{628863C3-D3DF-4765-AE19-0FE99FAE3DD9}.Debug|x64.ActiveCfg = Debug|Any CPU
		{628863C3-D3DF-4765-AE19-0FE99FAE3DD9}.Debug|x64.Build.0 = Debug|Any CPU
		{628863C3-D3DF-4765-AE19-0FE99FAE3DD9}.Debug|x86.ActiveCfg = Debug|Any CPU
		{628863C3-D3DF-4765-AE19-0FE99FAE3DD9}.Debug|x86.Build.0 = Debug|Any CPU
		{628863C3-D3DF-4765-AE19-0FE99FAE3DD9}.Release|Any CPU.ActiveCfg = Release|Any CPU
		{628863C3-D3DF-4765-AE19-0FE99FAE3DD9}.Release|Any CPU.Build.0 = Release|Any CPU
		{628863C3-D3DF-4765-AE19-0FE99FAE3DD9}.Release|x64.ActiveCfg = Release|Any CPU
		{628863C3-D3DF-4765-AE19-0FE99FAE3DD9}.Release|x64.Build.0 = Release|Any CPU
		{628863C3-D3DF-4765-AE19-0FE99FAE3DD9}.Release|x86.ActiveCfg = Release|Any CPU
		{628863C3-D3DF-4765-AE19-0FE99FAE3DD9}.Release|x86.Build.0 = Release|Any CPU
		{3311D34D-7E2D-40E2-8D1E-7FDC53504D54}.Debug|Any CPU.ActiveCfg = Debug|Any CPU
		{3311D34D-7E2D-40E2-8D1E-7FDC53504D54}.Debug|Any CPU.Build.0 = Debug|Any CPU
		{3311D34D-7E2D-40E2-8D1E-7FDC53504D54}.Debug|x64.ActiveCfg = Debug|Any CPU
		{3311D34D-7E2D-40E2-8D1E-7FDC53504D54}.Debug|x64.Build.0 = Debug|Any CPU
		{3311D34D-7E2D-40E2-8D1E-7FDC53504D54}.Debug|x86.ActiveCfg = Debug|Any CPU
		{3311D34D-7E2D-40E2-8D1E-7FDC53504D54}.Debug|x86.Build.0 = Debug|Any CPU
		{3311D34D-7E2D-40E2-8D1E-7FDC53504D54}.Release|Any CPU.ActiveCfg = Release|Any CPU
		{3311D34D-7E2D-40E2-8D1E-7FDC53504D54}.Release|Any CPU.Build.0 = Release|Any CPU
		{3311D34D-7E2D-40E2-8D1E-7FDC53504D54}.Release|x64.ActiveCfg = Release|Any CPU
		{3311D34D-7E2D-40E2-8D1E-7FDC53504D54}.Release|x64.Build.0 = Release|Any CPU
		{3311D34D-7E2D-40E2-8D1E-7FDC53504D54}.Release|x86.ActiveCfg = Release|Any CPU
		{3311D34D-7E2D-40E2-8D1E-7FDC53504D54}.Release|x86.Build.0 = Release|Any CPU
		{1DB52FAA-3DE5-47E1-B18A-0520B8BB1CCA}.Debug|Any CPU.ActiveCfg = Debug|Any CPU
		{1DB52FAA-3DE5-47E1-B18A-0520B8BB1CCA}.Debug|Any CPU.Build.0 = Debug|Any CPU
		{1DB52FAA-3DE5-47E1-B18A-0520B8BB1CCA}.Debug|x64.ActiveCfg = Debug|Any CPU
		{1DB52FAA-3DE5-47E1-B18A-0520B8BB1CCA}.Debug|x64.Build.0 = Debug|Any CPU
		{1DB52FAA-3DE5-47E1-B18A-0520B8BB1CCA}.Debug|x86.ActiveCfg = Debug|Any CPU
		{1DB52FAA-3DE5-47E1-B18A-0520B8BB1CCA}.Debug|x86.Build.0 = Debug|Any CPU
		{1DB52FAA-3DE5-47E1-B18A-0520B8BB1CCA}.Release|Any CPU.ActiveCfg = Release|Any CPU
		{1DB52FAA-3DE5-47E1-B18A-0520B8BB1CCA}.Release|Any CPU.Build.0 = Release|Any CPU
		{1DB52FAA-3DE5-47E1-B18A-0520B8BB1CCA}.Release|x64.ActiveCfg = Release|Any CPU
		{1DB52FAA-3DE5-47E1-B18A-0520B8BB1CCA}.Release|x64.Build.0 = Release|Any CPU
		{1DB52FAA-3DE5-47E1-B18A-0520B8BB1CCA}.Release|x86.ActiveCfg = Release|Any CPU
		{1DB52FAA-3DE5-47E1-B18A-0520B8BB1CCA}.Release|x86.Build.0 = Release|Any CPU
	EndGlobalSection
	GlobalSection(SolutionProperties) = preSolution
		HideSolutionNode = FALSE
	EndGlobalSection
EndGlobal
